
Microsoft Visual Studio Solution File, Format Version 12.00
# Visual Studio Version 17
VisualStudioVersion = 17.9.34607.119
MinimumVisualStudioVersion = 10.0.40219.1
Project("{FAE04EC0-301F-11D3-BF4B-00C04F79EFBC}") = "WebAPI", "WebAPI\WebAPI.csproj", "{5D2105B3-A99A-48CA-A048-817F76BD6E84}"
EndProject
Project("{FAE04EC0-301F-11D3-BF4B-00C04F79EFBC}") = "Business", "Business\Business.csproj", "{BE623912-1B96-4C30-90DF-3548515CFBD0}"
EndProject
Project("{FAE04EC0-301F-11D3-BF4B-00C04F79EFBC}") = "DataAccess", "DataAccess\DataAccess.csproj", "{E8958F72-9848-4721-ACDC-9AC9E9C90B97}"
EndProject
Project("{FAE04EC0-301F-11D3-BF4B-00C04F79EFBC}") = "Entities", "Entities\Entities.csproj", "{C5CDAA4E-7A1F-49AC-BAE8-6E95BCF22415}"
EndProject
Project("{FAE04EC0-301F-11D3-BF4B-00C04F79EFBC}") = "Core", "Core\Core.csproj", "{FEEBBA6D-F52F-46D3-BF5C-F7B7D5D78526}"
EndProject
Global
	GlobalSection(SolutionConfigurationPlatforms) = preSolution
		Debug|Any CPU = Debug|Any CPU
		Release|Any CPU = Release|Any CPU
	EndGlobalSection
	GlobalSection(ProjectConfigurationPlatforms) = postSolution
		{5D2105B3-A99A-48CA-A048-817F76BD6E84}.Debug|Any CPU.ActiveCfg = Debug|Any CPU
		{5D2105B3-A99A-48CA-A048-817F76BD6E84}.Debug|Any CPU.Build.0 = Debug|Any CPU
		{5D2105B3-A99A-48CA-A048-817F76BD6E84}.Release|Any CPU.ActiveCfg = Release|Any CPU
		{5D2105B3-A99A-48CA-A048-817F76BD6E84}.Release|Any CPU.Build.0 = Release|Any CPU
		{BE623912-1B96-4C30-90DF-3548515CFBD0}.Debug|Any CPU.ActiveCfg = Debug|Any CPU
		{BE623912-1B96-4C30-90DF-3548515CFBD0}.Debug|Any CPU.Build.0 = Debug|Any CPU
		{BE623912-1B96-4C30-90DF-3548515CFBD0}.Release|Any CPU.ActiveCfg = Release|Any CPU
		{BE623912-1B96-4C30-90DF-3548515CFBD0}.Release|Any CPU.Build.0 = Release|Any CPU
		{E8958F72-9848-4721-ACDC-9AC9E9C90B97}.Debug|Any CPU.ActiveCfg = Debug|Any CPU
		{E8958F72-9848-4721-ACDC-9AC9E9C90B97}.Debug|Any CPU.Build.0 = Debug|Any CPU
		{E8958F72-9848-4721-ACDC-9AC9E9C90B97}.Release|Any CPU.ActiveCfg = Release|Any CPU
		{E8958F72-9848-4721-ACDC-9AC9E9C90B97}.Release|Any CPU.Build.0 = Release|Any CPU
		{C5CDAA4E-7A1F-49AC-BAE8-6E95BCF22415}.Debug|Any CPU.ActiveCfg = Debug|Any CPU
		{C5CDAA4E-7A1F-49AC-BAE8-6E95BCF22415}.Debug|Any CPU.Build.0 = Debug|Any CPU
		{C5CDAA4E-7A1F-49AC-BAE8-6E95BCF22415}.Release|Any CPU.ActiveCfg = Release|Any CPU
		{C5CDAA4E-7A1F-49AC-BAE8-6E95BCF22415}.Release|Any CPU.Build.0 = Release|Any CPU
		{FEEBBA6D-F52F-46D3-BF5C-F7B7D5D78526}.Debug|Any CPU.ActiveCfg = Debug|Any CPU
		{FEEBBA6D-F52F-46D3-BF5C-F7B7D5D78526}.Debug|Any CPU.Build.0 = Debug|Any CPU
		{FEEBBA6D-F52F-46D3-BF5C-F7B7D5D78526}.Release|Any CPU.ActiveCfg = Release|Any CPU
		{FEEBBA6D-F52F-46D3-BF5C-F7B7D5D78526}.Release|Any CPU.Build.0 = Release|Any CPU
	EndGlobalSection
	GlobalSection(SolutionProperties) = preSolution
		HideSolutionNode = FALSE
	EndGlobalSection
	GlobalSection(ExtensibilityGlobals) = postSolution
		SolutionGuid = {5BAB57CE-A05D-4309-A2B3-ED39AAD58CA1}
	EndGlobalSection
EndGlobal
